
Microsoft Visual Studio Solution File, Format Version 12.00
# Visual Studio Version 17
VisualStudioVersion = 17.1.32319.34
MinimumVisualStudioVersion = 10.0.40219.1
Project("{FAE04EC0-301F-11D3-BF4B-00C04F79EFBC}") = "Teu_Assistente_PRONTO", "Teu_Assistente_PRONTO.csproj", "{65A31154-ACCF-4F73-B6FF-A44E05B38589}"
EndProject
Global
	GlobalSection(SolutionConfigurationPlatforms) = preSolution
		Debug|Any CPU = Debug|Any CPU
		Release|Any CPU = Release|Any CPU
	EndGlobalSection
	GlobalSection(ProjectConfigurationPlatforms) = postSolution
		{65A31154-ACCF-4F73-B6FF-A44E05B38589}.Debug|Any CPU.ActiveCfg = Debug|Any CPU
		{65A31154-ACCF-4F73-B6FF-A44E05B38589}.Debug|Any CPU.Build.0 = Debug|Any CPU
		{65A31154-ACCF-4F73-B6FF-A44E05B38589}.Release|Any CPU.ActiveCfg = Release|Any CPU
		{65A31154-ACCF-4F73-B6FF-A44E05B38589}.Release|Any CPU.Build.0 = Release|Any CPU
	EndGlobalSection
	GlobalSection(SolutionProperties) = preSolution
		HideSolutionNode = FALSE
	EndGlobalSection
	GlobalSection(ExtensibilityGlobals) = postSolution
		SolutionGuid = {5FE8547F-8614-43C9-A2C9-EC62165FDE61}
	EndGlobalSection
EndGlobal
